// !$*UTF8*$!
{
	archiveVersion = 1;
	classes = {
	};
	objectVersion = 46;
	objects = {

/* Begin PBXBuildFile section */
		3E5E186B1ADE227B0020A6A4 /* AppDelegate.swift in Sources */ = {isa = PBXBuildFile; fileRef = 3E5E186A1ADE227B0020A6A4 /* AppDelegate.swift */; };
		3E5E186D1ADE227B0020A6A4 /* ViewController.swift in Sources */ = {isa = PBXBuildFile; fileRef = 3E5E186C1ADE227B0020A6A4 /* ViewController.swift */; };
		3E5E18701ADE227B0020A6A4 /* Main.storyboard in Resources */ = {isa = PBXBuildFile; fileRef = 3E5E186E1ADE227B0020A6A4 /* Main.storyboard */; };
		3E5E18721ADE227B0020A6A4 /* Images.xcassets in Resources */ = {isa = PBXBuildFile; fileRef = 3E5E18711ADE227B0020A6A4 /* Images.xcassets */; };
		3E5E18751ADE227B0020A6A4 /* LaunchScreen.xib in Resources */ = {isa = PBXBuildFile; fileRef = 3E5E18731ADE227B0020A6A4 /* LaunchScreen.xib */; };
		3E5E18811ADE227B0020A6A4 /* ropeTests.swift in Sources */ = {isa = PBXBuildFile; fileRef = 3E5E18801ADE227B0020A6A4 /* ropeTests.swift */; };
/* End PBXBuildFile section */

/* Begin PBXContainerItemProxy section */
		3E5E187B1ADE227B0020A6A4 /* PBXContainerItemProxy */ = {
			isa = PBXContainerItemProxy;
			containerPortal = 3E5E185D1ADE227B0020A6A4 /* Project object */;
			proxyType = 1;
			remoteGlobalIDString = 3E5E18641ADE227B0020A6A4;
			remoteInfo = rope;
		};
/* End PBXContainerItemProxy section */

/* Begin PBXFileReference section */
		3E5E18651ADE227B0020A6A4 /* rope.app */ = {isa = PBXFileReference; explicitFileType = wrapper.application; includeInIndex = 0; path = rope.app; sourceTree = BUILT_PRODUCTS_DIR; };
		3E5E18691ADE227B0020A6A4 /* Info.plist */ = {isa = PBXFileReference; lastKnownFileType = text.plist.xml; path = Info.plist; sourceTree = "<group>"; };
		3E5E186A1ADE227B0020A6A4 /* AppDelegate.swift */ = {isa = PBXFileReference; lastKnownFileType = sourcecode.swift; path = AppDelegate.swift; sourceTree = "<group>"; };
		3E5E186C1ADE227B0020A6A4 /* ViewController.swift */ = {isa = PBXFileReference; lastKnownFileType = sourcecode.swift; path = ViewController.swift; sourceTree = "<group>"; };
		3E5E186F1ADE227B0020A6A4 /* Base */ = {isa = PBXFileReference; lastKnownFileType = file.storyboard; name = Base; path = Base.lproj/Main.storyboard; sourceTree = "<group>"; };
		3E5E18711ADE227B0020A6A4 /* Images.xcassets */ = {isa = PBXFileReference; lastKnownFileType = folder.assetcatalog; path = Images.xcassets; sourceTree = "<group>"; };
		3E5E18741ADE227B0020A6A4 /* Base */ = {isa = PBXFileReference; lastKnownFileType = file.xib; name = Base; path = Base.lproj/LaunchScreen.xib; sourceTree = "<group>"; };
		3E5E187A1ADE227B0020A6A4 /* ropeTests.xctest */ = {isa = PBXFileReference; explicitFileType = wrapper.cfbundle; includeInIndex = 0; path = ropeTests.xctest; sourceTree = BUILT_PRODUCTS_DIR; };
		3E5E187F1ADE227B0020A6A4 /* Info.plist */ = {isa = PBXFileReference; lastKnownFileType = text.plist.xml; path = Info.plist; sourceTree = "<group>"; };
		3E5E18801ADE227B0020A6A4 /* ropeTests.swift */ = {isa = PBXFileReference; lastKnownFileType = sourcecode.swift; path = ropeTests.swift; sourceTree = "<group>"; };
/* End PBXFileReference section */

/* Begin PBXFrameworksBuildPhase section */
		3E5E18621ADE227B0020A6A4 /* Frameworks */ = {
			isa = PBXFrameworksBuildPhase;
			buildActionMask = 2147483647;
			files = (
			);
			runOnlyForDeploymentPostprocessing = 0;
		};
		3E5E18771ADE227B0020A6A4 /* Frameworks */ = {
			isa = PBXFrameworksBuildPhase;
			buildActionMask = 2147483647;
			files = (
			);
			runOnlyForDeploymentPostprocessing = 0;
		};
/* End PBXFrameworksBuildPhase section */

/* Begin PBXGroup section */
		3E5E185C1ADE227B0020A6A4 = {
			isa = PBXGroup;
			children = (
				3E5E18671ADE227B0020A6A4 /* rope */,
				3E5E187D1ADE227B0020A6A4 /* ropeTests */,
				3E5E18661ADE227B0020A6A4 /* Products */,
			);
			sourceTree = "<group>";
		};
		3E5E18661ADE227B0020A6A4 /* Products */ = {
			isa = PBXGroup;
			children = (
				3E5E18651ADE227B0020A6A4 /* rope.app */,
				3E5E187A1ADE227B0020A6A4 /* ropeTests.xctest */,
			);
			name = Products;
			sourceTree = "<group>";
		};
		3E5E18671ADE227B0020A6A4 /* rope */ = {
			isa = PBXGroup;
			children = (
				3E5E186A1ADE227B0020A6A4 /* AppDelegate.swift */,
				3E5E186C1ADE227B0020A6A4 /* ViewController.swift */,
				3E5E186E1ADE227B0020A6A4 /* Main.storyboard */,
				3E5E18711ADE227B0020A6A4 /* Images.xcassets */,
				3E5E18731ADE227B0020A6A4 /* LaunchScreen.xib */,
				3E5E18681ADE227B0020A6A4 /* Supporting Files */,
			);
			path = rope;
			sourceTree = "<group>";
		};
		3E5E18681ADE227B0020A6A4 /* Supporting Files */ = {
			isa = PBXGroup;
			children = (
				3E5E18691ADE227B0020A6A4 /* Info.plist */,
			);
			name = "Supporting Files";
			sourceTree = "<group>";
		};
		3E5E187D1ADE227B0020A6A4 /* ropeTests */ = {
			isa = PBXGroup;
			children = (
				3E5E18801ADE227B0020A6A4 /* ropeTests.swift */,
				3E5E187E1ADE227B0020A6A4 /* Supporting Files */,
			);
			path = ropeTests;
			sourceTree = "<group>";
		};
		3E5E187E1ADE227B0020A6A4 /* Supporting Files */ = {
			isa = PBXGroup;
			children = (
				3E5E187F1ADE227B0020A6A4 /* Info.plist */,
			);
			name = "Supporting Files";
			sourceTree = "<group>";
		};
/* End PBXGroup section */

/* Begin PBXNativeTarget section */
		3E5E18641ADE227B0020A6A4 /* rope */ = {
			isa = PBXNativeTarget;
			buildConfigurationList = 3E5E18841ADE227B0020A6A4 /* Build configuration list for PBXNativeTarget "rope" */;
			buildPhases = (
				3E5E18611ADE227B0020A6A4 /* Sources */,
				3E5E18621ADE227B0020A6A4 /* Frameworks */,
				3E5E18631ADE227B0020A6A4 /* Resources */,
			);
			buildRules = (
			);
			dependencies = (
			);
			name = rope;
			productName = rope;
			productReference = 3E5E18651ADE227B0020A6A4 /* rope.app */;
			productType = "com.apple.product-type.application";
		};
		3E5E18791ADE227B0020A6A4 /* ropeTests */ = {
			isa = PBXNativeTarget;
			buildConfigurationList = 3E5E18871ADE227B0020A6A4 /* Build configuration list for PBXNativeTarget "ropeTests" */;
			buildPhases = (
				3E5E18761ADE227B0020A6A4 /* Sources */,
				3E5E18771ADE227B0020A6A4 /* Frameworks */,
				3E5E18781ADE227B0020A6A4 /* Resources */,
			);
			buildRules = (
			);
			dependencies = (
				3E5E187C1ADE227B0020A6A4 /* PBXTargetDependency */,
			);
			name = ropeTests;
			productName = ropeTests;
			productReference = 3E5E187A1ADE227B0020A6A4 /* ropeTests.xctest */;
			productType = "com.apple.product-type.bundle.unit-test";
		};
/* End PBXNativeTarget section */

/* Begin PBXProject section */
		3E5E185D1ADE227B0020A6A4 /* Project object */ = {
			isa = PBXProject;
			attributes = {
				LastUpgradeCheck = 0610;
				ORGANIZATIONNAME = "KINARI NISHIYAMA";
				TargetAttributes = {
					3E5E18641ADE227B0020A6A4 = {
						CreatedOnToolsVersion = 6.1.1;
					};
					3E5E18791ADE227B0020A6A4 = {
						CreatedOnToolsVersion = 6.1.1;
						TestTargetID = 3E5E18641ADE227B0020A6A4;
					};
				};
			};
			buildConfigurationList = 3E5E18601ADE227B0020A6A4 /* Build configuration list for PBXProject "rope" */;
			compatibilityVersion = "Xcode 3.2";
			developmentRegion = English;
			hasScannedForEncodings = 0;
			knownRegions = (
				en,
				Base,
			);
			mainGroup = 3E5E185C1ADE227B0020A6A4;
			productRefGroup = 3E5E18661ADE227B0020A6A4 /* Products */;
			projectDirPath = "";
			projectRoot = "";
			targets = (
				3E5E18641ADE227B0020A6A4 /* rope */,
				3E5E18791ADE227B0020A6A4 /* ropeTests */,
			);
		};
/* End PBXProject section */

/* Begin PBXResourcesBuildPhase section */
		3E5E18631ADE227B0020A6A4 /* Resources */ = {
			isa = PBXResourcesBuildPhase;
			buildActionMask = 2147483647;
			files = (
				3E5E18701ADE227B0020A6A4 /* Main.storyboard in Resources */,
				3E5E18751ADE227B0020A6A4 /* LaunchScreen.xib in Resources */,
				3E5E18721ADE227B0020A6A4 /* Images.xcassets in Resources */,
			);
			runOnlyForDeploymentPostprocessing = 0;
		};
		3E5E18781ADE227B0020A6A4 /* Resources */ = {
			isa = PBXResourcesBuildPhase;
			buildActionMask = 2147483647;
			files = (
			);
			runOnlyForDeploymentPostprocessing = 0;
		};
/* End PBXResourcesBuildPhase section */

/* Begin PBXSourcesBuildPhase section */
		3E5E18611ADE227B0020A6A4 /* Sources */ = {
			isa = PBXSourcesBuildPhase;
			buildActionMask = 2147483647;
			files = (
				3E5E186D1ADE227B0020A6A4 /* ViewController.swift in Sources */,
				3E5E186B1ADE227B0020A6A4 /* AppDelegate.swift in Sources */,
			);
			runOnlyForDeploymentPostprocessing = 0;
		};
		3E5E18761ADE227B0020A6A4 /* Sources */ = {
			isa = PBXSourcesBuildPhase;
			buildActionMask = 2147483647;
			files = (
				3E5E18811ADE227B0020A6A4 /* ropeTests.swift in Sources */,
			);
			runOnlyForDeploymentPostprocessing = 0;
		};
/* End PBXSourcesBuildPhase section */

/* Begin PBXTargetDependency section */
		3E5E187C1ADE227B0020A6A4 /* PBXTargetDependency */ = {
			isa = PBXTargetDependency;
			target = 3E5E18641ADE227B0020A6A4 /* rope */;
			targetProxy = 3E5E187B1ADE227B0020A6A4 /* PBXContainerItemProxy */;
		};
/* End PBXTargetDependency section */

/* Begin PBXVariantGroup section */
		3E5E186E1ADE227B0020A6A4 /* Main.storyboard */ = {
			isa = PBXVariantGroup;
			children = (
				3E5E186F1ADE227B0020A6A4 /* Base */,
			);
			name = Main.storyboard;
			sourceTree = "<group>";
		};
		3E5E18731ADE227B0020A6A4 /* LaunchScreen.xib */ = {
			isa = PBXVariantGroup;
			children = (
				3E5E18741ADE227B0020A6A4 /* Base */,
			);
			name = LaunchScreen.xib;
			sourceTree = "<group>";
		};
/* End PBXVariantGroup section */

/* Begin XCBuildConfiguration section */
		3E5E18821ADE227B0020A6A4 /* Debug */ = {
			isa = XCBuildConfiguration;
			buildSettings = {
				ALWAYS_SEARCH_USER_PATHS = NO;
				CLANG_CXX_LANGUAGE_STANDARD = "gnu++0x";
				CLANG_CXX_LIBRARY = "libc++";
				CLANG_ENABLE_MODULES = YES;
				CLANG_ENABLE_OBJC_ARC = YES;
				CLANG_WARN_BOOL_CONVERSION = YES;
				CLANG_WARN_CONSTANT_CONVERSION = YES;
				CLANG_WARN_DIRECT_OBJC_ISA_USAGE = YES_ERROR;
				CLANG_WARN_EMPTY_BODY = YES;
				CLANG_WARN_ENUM_CONVERSION = YES;
				CLANG_WARN_INT_CONVERSION = YES;
				CLANG_WARN_OBJC_ROOT_CLASS = YES_ERROR;
				CLANG_WARN_UNREACHABLE_CODE = YES;
				CLANG_WARN__DUPLICATE_METHOD_MATCH = YES;
				"CODE_SIGN_IDENTITY[sdk=iphoneos*]" = "iPhone Developer";
				COPY_PHASE_STRIP = NO;
				ENABLE_STRICT_OBJC_MSGSEND = YES;
				GCC_C_LANGUAGE_STANDARD = gnu99;
				GCC_DYNAMIC_NO_PIC = NO;
				GCC_OPTIMIZATION_LEVEL = 0;
				GCC_PREPROCESSOR_DEFINITIONS = (
					"DEBUG=1",
					"$(inherited)",
				);
				GCC_SYMBOLS_PRIVATE_EXTERN = NO;
				GCC_WARN_64_TO_32_BIT_CONVERSION = YES;
				GCC_WARN_ABOUT_RETURN_TYPE = YES_ERROR;
				GCC_WARN_UNDECLARED_SELECTOR = YES;
				GCC_WARN_UNINITIALIZED_AUTOS = YES_AGGRESSIVE;
				GCC_WARN_UNUSED_FUNCTION = YES;
				GCC_WARN_UNUSED_VARIABLE = YES;
				IPHONEOS_DEPLOYMENT_TARGET = 8.1;
				MTL_ENABLE_DEBUG_INFO = YES;
				ONLY_ACTIVE_ARCH = YES;
				SDKROOT = iphoneos;
				SWIFT_OPTIMIZATION_LEVEL = "-Onone";
			};
			name = Debug;
		};
		3E5E18831ADE227B0020A6A4 /* Release */ = {
			isa = XCBuildConfiguration;
			buildSettings = {
				ALWAYS_SEARCH_USER_PATHS = NO;
				CLANG_CXX_LANGUAGE_STANDARD = "gnu++0x";
				CLANG_CXX_LIBRARY = "libc++";
				CLANG_ENABLE_MODULES = YES;
				CLANG_ENABLE_OBJC_ARC = YES;
				CLANG_WARN_BOOL_CONVERSION = YES;
				CLANG_WARN_CONSTANT_CONVERSION = YES;
				CLANG_WARN_DIRECT_OBJC_ISA_USAGE = YES_ERROR;
				CLANG_WARN_EMPTY_BODY = YES;
				CLANG_WARN_ENUM_CONVERSION = YES;
				CLANG_WARN_INT_CONVERSION = YES;
				CLANG_WARN_OBJC_ROOT_CLASS = YES_ERROR;
				CLANG_WARN_UNREACHABLE_CODE = YES;
				CLANG_WARN__DUPLICATE_METHOD_MATCH = YES;
				"CODE_SIGN_IDENTITY[sdk=iphoneos*]" = "iPhone Developer";
				COPY_PHASE_STRIP = YES;
				ENABLE_NS_ASSERTIONS = NO;
				ENABLE_STRICT_OBJC_MSGSEND = YES;
				GCC_C_LANGUAGE_STANDARD = gnu99;
				GCC_WARN_64_TO_32_BIT_CONVERSION = YES;
				GCC_WARN_ABOUT_RETURN_TYPE = YES_ERROR;
				GCC_WARN_UNDECLARED_SELECTOR = YES;
				GCC_WARN_UNINITIALIZED_AUTOS = YES_AGGRESSIVE;
				GCC_WARN_UNUSED_FUNCTION = YES;
				GCC_WARN_UNUSED_VARIABLE = YES;
				IPHONEOS_DEPLOYMENT_TARGET = 8.1;
				MTL_ENABLE_DEBUG_INFO = NO;
				SDKROOT = iphoneos;
				VALIDATE_PRODUCT = YES;
			};
			name = Release;
		};
		3E5E18851ADE227B0020A6A4 /* Debug */ = {
			isa = XCBuildConfiguration;
			buildSettings = {
				ASSETCATALOG_COMPILER_APPICON_NAME = AppIcon;
				INFOPLIST_FILE = rope/Info.plist;
				LD_RUNPATH_SEARCH_PATHS = "$(inherited) @executable_path/Frameworks";
				PRODUCT_NAME = "$(TARGET_NAME)";
			};
			name = Debug;
		};
		3E5E18861ADE227B0020A6A4 /* Release */ = {
			isa = XCBuildConfiguration;
			buildSettings = {
				ASSETCATALOG_COMPILER_APPICON_NAME = AppIcon;
				INFOPLIST_FILE = rope/Info.plist;
				LD_RUNPATH_SEARCH_PATHS = "$(inherited) @executable_path/Frameworks";
				PRODUCT_NAME = "$(TARGET_NAME)";
			};
			name = Release;
		};
		3E5E18881ADE227B0020A6A4 /* Debug */ = {
			isa = XCBuildConfiguration;
			buildSettings = {
				BUNDLE_LOADER = "$(TEST_HOST)";
				FRAMEWORK_SEARCH_PATHS = (
					"$(SDKROOT)/Developer/Library/Frameworks",
					"$(inherited)",
				);
				GCC_PREPROCESSOR_DEFINITIONS = (
					"DEBUG=1",
					"$(inherited)",
				);
				INFOPLIST_FILE = ropeTests/Info.plist;
				LD_RUNPATH_SEARCH_PATHS = "$(inherited) @executable_path/Frameworks @loader_path/Frameworks";
				PRODUCT_NAME = "$(TARGET_NAME)";
				TEST_HOST = "$(BUILT_PRODUCTS_DIR)/rope.app/rope";
			};
			name = Debug;
		};
		3E5E18891ADE227B0020A6A4 /* Release */ = {
			isa = XCBuildConfiguration;
			buildSettings = {
				BUNDLE_LOADER = "$(TEST_HOST)";
				FRAMEWORK_SEARCH_PATHS = (
					"$(SDKROOT)/Developer/Library/Frameworks",
					"$(inherited)",
				);
				INFOPLIST_FILE = ropeTests/Info.plist;
				LD_RUNPATH_SEARCH_PATHS = "$(inherited) @executable_path/Frameworks @loader_path/Frameworks";
				PRODUCT_NAME = "$(TARGET_NAME)";
				TEST_HOST = "$(BUILT_PRODUCTS_DIR)/rope.app/rope";
			};
			name = Release;
		};
/* End XCBuildConfiguration section */

/* Begin XCConfigurationList section */
		3E5E18601ADE227B0020A6A4 /* Build configuration list for PBXProject "rope" */ = {
			isa = XCConfigurationList;
			buildConfigurations = (
				3E5E18821ADE227B0020A6A4 /* Debug */,
				3E5E18831ADE227B0020A6A4 /* Release */,
			);
			defaultConfigurationIsVisible = 0;
			defaultConfigurationName = Release;
		};
		3E5E18841ADE227B0020A6A4 /* Build configuration list for PBXNativeTarget "rope" */ = {
			isa = XCConfigurationList;
			buildConfigurations = (
				3E5E18851ADE227B0020A6A4 /* Debug */,
				3E5E18861ADE227B0020A6A4 /* Release */,
			);
			defaultConfigurationIsVisible = 0;
		};
		3E5E18871ADE227B0020A6A4 /* Build configuration list for PBXNativeTarget "ropeTests" */ = {
			isa = XCConfigurationList;
			buildConfigurations = (
				3E5E18881ADE227B0020A6A4 /* Debug */,
				3E5E18891ADE227B0020A6A4 /* Release */,
			);
			defaultConfigurationIsVisible = 0;
		};
/* End XCConfigurationList section */
	};
	rootObject = 3E5E185D1ADE227B0020A6A4 /* Project object */;
}
